github.com/yuin/goldmark v1.1.20 h1:WZzdEFW2cYKjlc9wvNRh1+t2n7m8h+g0mB0ssg9nzHQ=
github.com/yuin/goldmark v1.1.20/go.mod h1:3hX8gzYuyVAZsxl0MRgGTJEmQBFcNTphYh9decYSb74=
github.com/yuin/goldmark v1.1.23 h1:eTodJ8hwEUvwXhb9qxQNuL/q1d+xMQClrXR4mdvV7gs=
github.com/yuin/goldmark v1.1.23/go.mod h1:3hX8gzYuyVAZsxl0MRgGTJEmQBFcNTphYh9decYSb74=
